
Microsoft Visual Studio Solution File, Format Version 12.00
# Visual Studio Version 16
VisualStudioVersion = 16.0.29411.108
MinimumVisualStudioVersion = 10.0.40219.1
Project("{FAE04EC0-301F-11D3-BF4B-00C04F79EFBC}") = "Garage2.0", "Garage2.0\Garage2.0.csproj", "{DE8E8452-F827-4059-B522-B0C71E1620A3}"
EndProject
Global
	GlobalSection(SolutionConfigurationPlatforms) = preSolution
		Debug|Any CPU = Debug|Any CPU
		Release|Any CPU = Release|Any CPU
	EndGlobalSection
	GlobalSection(ProjectConfigurationPlatforms) = postSolution
		{DE8E8452-F827-4059-B522-B0C71E1620A3}.Debug|Any CPU.ActiveCfg = Debug|Any CPU
		{DE8E8452-F827-4059-B522-B0C71E1620A3}.Debug|Any CPU.Build.0 = Debug|Any CPU
		{DE8E8452-F827-4059-B522-B0C71E1620A3}.Release|Any CPU.ActiveCfg = Release|Any CPU
		{DE8E8452-F827-4059-B522-B0C71E1620A3}.Release|Any CPU.Build.0 = Release|Any CPU
	EndGlobalSection
	GlobalSection(SolutionProperties) = preSolution
		HideSolutionNode = FALSE
	EndGlobalSection
	GlobalSection(ExtensibilityGlobals) = postSolution
		SolutionGuid = {1F620A63-DF8A-4A55-A049-7E0D75CB3932}
	EndGlobalSection
EndGlobal
